
Microsoft Visual Studio Solution File, Format Version 12.00
# Visual Studio Version 16
VisualStudioVersion = 16.0.33423.256
MinimumVisualStudioVersion = 10.0.40219.1
Project("{FAE04EC0-301F-11D3-BF4B-00C04F79EFBC}") = "FindAreas", "FindAreas\FindAreas.csproj", "{81829486-9617-45DE-A52B-D745370EADA5}"
EndProject
Global
	GlobalSection(SolutionConfigurationPlatforms) = preSolution
		Debug|Any CPU = Debug|Any CPU
		Release|Any CPU = Release|Any CPU
	EndGlobalSection
	GlobalSection(ProjectConfigurationPlatforms) = postSolution
		{81829486-9617-45DE-A52B-D745370EADA5}.Debug|Any CPU.ActiveCfg = Debug|Any CPU
		{81829486-9617-45DE-A52B-D745370EADA5}.Debug|Any CPU.Build.0 = Debug|Any CPU
		{81829486-9617-45DE-A52B-D745370EADA5}.Release|Any CPU.ActiveCfg = Release|Any CPU
		{81829486-9617-45DE-A52B-D745370EADA5}.Release|Any CPU.Build.0 = Release|Any CPU
	EndGlobalSection
	GlobalSection(SolutionProperties) = preSolution
		HideSolutionNode = FALSE
	EndGlobalSection
	GlobalSection(ExtensibilityGlobals) = postSolution
		SolutionGuid = {48D7561B-CE3B-4BCC-A50C-EE12A1FF366D}
	EndGlobalSection
EndGlobal
